{
  "name": "@the-architech/marketplace",
  "version": "1.0.0",
  "lockfileVersion": 3,
  "requires": true,
  "packages": {
    "": {
      "name": "@the-architech/marketplace",
      "version": "1.0.0",
      "license": "MIT",
      "dependencies": {
        "@thearchitech.xyz/types": "^1.0.0"
      }
    },
    "../types-package": {
      "name": "@thearchitech.xyz/types",
      "version": "1.0.0",
      "extraneous": true,
      "license": "MIT",
      "devDependencies": {
        "typescript": "^5.0.0"
      }
    },
    "node_modules/@thearchitech.xyz/types": {
      "version": "1.0.0",
      "resolved": "https://registry.npmjs.org/@thearchitech.xyz/types/-/types-1.0.0.tgz",
      "integrity": "sha512-oy/GJDGvDXedfZAvTFeqCU3e+9G9h9fwvFpXZ+S5MOKuH6LiJZsOAQjPVMpFGd8xFNuZhNG0nUz5+KoUDxBF+g==",
      "license": "MIT"
    }
  }
}
