{
  "name": "@thearchitech/marketplace",
  "version": "1.0.0",
  "lockfileVersion": 3,
  "requires": true,
  "packages": {
    "": {
      "name": "@thearchitech/marketplace",
      "version": "1.0.0",
      "license": "MIT",
      "dependencies": {
        "@thearchitech.xyz/types": "^1.0.6"
      },
      "engines": {
        "node": ">=16.0.0"
      }
    },
    "../types-package": {
      "name": "@thearchitech.xyz/types",
      "version": "1.0.0",
      "extraneous": true,
      "license": "MIT",
      "devDependencies": {
        "typescript": "^5.0.0"
      }
    },
    "node_modules/@thearchitech.xyz/types": {
      "version": "1.0.6",
      "resolved": "https://registry.npmjs.org/@thearchitech.xyz/types/-/types-1.0.6.tgz",
      "integrity": "sha512-L40210P2kI24aN7iYwLuIXHBLoLmsJHCLOEWZ7aBvA+s4M9jVsyiUz8Bvg4+GT/vKsbPvEXv0aGoLfZZ9uaYsg==",
      "license": "MIT"
    }
  }
}
